// !$*UTF8*$!
{
	archiveVersion = 1;
	classes = {
	};
	objectVersion = 46;
	objects = {

/* Begin PBXBuildFile section */
		C127DB711DB8C5C7000FB0B6 /* CUSFlashLabel.m in Sources */ = {isa = PBXBuildFile; fileRef = C127DB6F1DB8C5C7000FB0B6 /* CUSFlashLabel.m */; };
		C127DB731DB8CF95000FB0B6 /* AlertView.xib in Resources */ = {isa = PBXBuildFile; fileRef = C127DB721DB8CF95000FB0B6 /* AlertView.xib */; };
		C1359DE71DBEF47A00F5452C /* SetItem.xib in Resources */ = {isa = PBXBuildFile; fileRef = C1359DE61DBEF47A00F5452C /* SetItem.xib */; };
		C14B32061DB5F9DB006BC62D /* XYSerialManage.m in Sources */ = {isa = PBXBuildFile; fileRef = C14B32051DB5F9DB006BC62D /* XYSerialManage.m */; };
		C14B32091DB5F9E9006BC62D /* SerialGATT.m in Sources */ = {isa = PBXBuildFile; fileRef = C14B32081DB5F9E9006BC62D /* SerialGATT.m */; };
		C14B320E1DB5FB44006BC62D /* NSData+SubData.m in Sources */ = {isa = PBXBuildFile; fileRef = C14B320B1DB5FB44006BC62D /* NSData+SubData.m */; };
		C14B320F1DB5FB44006BC62D /* NSString+FindString.m in Sources */ = {isa = PBXBuildFile; fileRef = C14B320D1DB5FB44006BC62D /* NSString+FindString.m */; };
		C173E90B1DB45DF800AA413B /* AppDelegate.swift in Sources */ = {isa = PBXBuildFile; fileRef = C173E90A1DB45DF800AA413B /* AppDelegate.swift */; };
		C173E90D1DB45DF800AA413B /* ViewController.swift in Sources */ = {isa = PBXBuildFile; fileRef = C173E90C1DB45DF800AA413B /* ViewController.swift */; };
		C173E9101DB45DF800AA413B /* Main.storyboard in Resources */ = {isa = PBXBuildFile; fileRef = C173E90E1DB45DF800AA413B /* Main.storyboard */; };
		C173E9151DB45DF800AA413B /* LaunchScreen.storyboard in Resources */ = {isa = PBXBuildFile; fileRef = C173E9131DB45DF800AA413B /* LaunchScreen.storyboard */; };
		C173E9201DB45DF800AA413B /* ALSHandle_swiftTests.swift in Sources */ = {isa = PBXBuildFile; fileRef = C173E91F1DB45DF800AA413B /* ALSHandle_swiftTests.swift */; };
		C173E92B1DB45DF800AA413B /* ALSHandle_swiftUITests.swift in Sources */ = {isa = PBXBuildFile; fileRef = C173E92A1DB45DF800AA413B /* ALSHandle_swiftUITests.swift */; };
		C174D8601DC82F220086BD96 /* Images.xcassets in Resources */ = {isa = PBXBuildFile; fileRef = C174D85F1DC82F220086BD96 /* Images.xcassets */; };
		C174D8771DC837F50086BD96 /* LoadingViewController.swift in Sources */ = {isa = PBXBuildFile; fileRef = C174D8761DC837F50086BD96 /* LoadingViewController.swift */; };
		C1765A071DB8AC4900D343E2 /* SteeringWheel.m in Sources */ = {isa = PBXBuildFile; fileRef = C1765A061DB8AC4900D343E2 /* SteeringWheel.m */; };
		C1765A0A1DB8AD0400D343E2 /* XYDirectionCalculate.c in Sources */ = {isa = PBXBuildFile; fileRef = C1765A081DB8AD0400D343E2 /* XYDirectionCalculate.c */; };
		C17A237C1DBD99820055ADBC /* ConnectViewController.swift in Sources */ = {isa = PBXBuildFile; fileRef = C17A237B1DBD99820055ADBC /* ConnectViewController.swift */; };
		C17A237E1DBDBBEB0055ADBC /* AlertView.swift in Sources */ = {isa = PBXBuildFile; fileRef = C17A237D1DBDBBEB0055ADBC /* AlertView.swift */; };
		C17A23801DBDF0030055ADBC /* SetingViewController.swift in Sources */ = {isa = PBXBuildFile; fileRef = C17A237F1DBDF0030055ADBC /* SetingViewController.swift */; };
		C18B29CF1E65428300402B65 /* AudioToolbox.framework in Frameworks */ = {isa = PBXBuildFile; fileRef = C18B29CE1E65428300402B65 /* AudioToolbox.framework */; };
		C18B29D11E65428D00402B65 /* AVFoundation.framework in Frameworks */ = {isa = PBXBuildFile; fileRef = C18B29D01E65428D00402B65 /* AVFoundation.framework */; };
		C18B29D31E6542A100402B65 /* SystemConfiguration.framework in Frameworks */ = {isa = PBXBuildFile; fileRef = C18B29D21E6542A100402B65 /* SystemConfiguration.framework */; };
		C18B29D51E6542AF00402B65 /* Security.framework in Frameworks */ = {isa = PBXBuildFile; fileRef = C18B29D41E6542AF00402B65 /* Security.framework */; };
		C18B29D71E6542DD00402B65 /* libz.1.tbd in Frameworks */ = {isa = PBXBuildFile; fileRef = C18B29D61E6542DD00402B65 /* libz.1.tbd */; };
		C18B29D91E6542E800402B65 /* CFNetwork.framework in Frameworks */ = {isa = PBXBuildFile; fileRef = C18B29D81E6542E800402B65 /* CFNetwork.framework */; };
		C18B29DB1E6542F400402B65 /* CoreLocation.framework in Frameworks */ = {isa = PBXBuildFile; fileRef = C18B29DA1E6542F400402B65 /* CoreLocation.framework */; };
		C18B29DD1E65430100402B65 /* OpenGLES.framework in Frameworks */ = {isa = PBXBuildFile; fileRef = C18B29DC1E65430100402B65 /* OpenGLES.framework */; };
		C18B29DF1E65430900402B65 /* QuartzCore.framework in Frameworks */ = {isa = PBXBuildFile; fileRef = C18B29DE1E65430900402B65 /* QuartzCore.framework */; };
		C18B29E11E65431700402B65 /* GLKit.framework in Frameworks */ = {isa = PBXBuildFile; fileRef = C18B29E01E65431700402B65 /* GLKit.framework */; };
		C18B29E31E65432700402B65 /* CoreText.framework in Frameworks */ = {isa = PBXBuildFile; fileRef = C18B29E21E65432700402B65 /* CoreText.framework */; };
		C18B29E51E65437C00402B65 /* CoreTelephony.framework in Frameworks */ = {isa = PBXBuildFile; fileRef = C18B29E41E65437C00402B65 /* CoreTelephony.framework */; };
		C18B29F21E654B3500402B65 /* NSMutableArray+Queue.m in Sources */ = {isa = PBXBuildFile; fileRef = C18B29F11E654B3500402B65 /* NSMutableArray+Queue.m */; };
		C18B29F51E654B4D00402B65 /* libBDVoiceRecognitionClient.a in Frameworks */ = {isa = PBXBuildFile; fileRef = C18B29F41E654B4D00402B65 /* libBDVoiceRecognitionClient.a */; };
		C18B2A081E654B6300402B65 /* CADebugMacros.cpp in Sources */ = {isa = PBXBuildFile; fileRef = C18B29F81E654B6300402B65 /* CADebugMacros.cpp */; };
		C18B2A091E654B6300402B65 /* CAStreamBasicDescription.cpp in Sources */ = {isa = PBXBuildFile; fileRef = C18B29FB1E654B6300402B65 /* CAStreamBasicDescription.cpp */; };
		C18B2A0A1E654B6300402B65 /* CAXException.cpp in Sources */ = {isa = PBXBuildFile; fileRef = C18B29FD1E654B6300402B65 /* CAXException.cpp */; };
		C18B2A0B1E654B6300402B65 /* s_1 in Resources */ = {isa = PBXBuildFile; fileRef = C18B2A001E654B6300402B65 /* s_1 */; };
		C18B2A0C1E654B6300402B65 /* s_2_InputMethod in Resources */ = {isa = PBXBuildFile; fileRef = C18B2A011E654B6300402B65 /* s_2_InputMethod */; };
		C18B2A0D1E654B6300402B65 /* s_2_Navi in Resources */ = {isa = PBXBuildFile; fileRef = C18B2A021E654B6300402B65 /* s_2_Navi */; };
		C18B2A0E1E654B6300402B65 /* bdasr_temp_license.dat in Resources */ = {isa = PBXBuildFile; fileRef = C18B2A041E654B6300402B65 /* bdasr_temp_license.dat */; };
		C18B2A0F1E654B6300402B65 /* TTTAttributedLabel.m in Sources */ = {isa = PBXBuildFile; fileRef = C18B2A071E654B6300402B65 /* TTTAttributedLabel.m */; settings = {COMPILER_FLAGS = "-fno-objc-arc"; }; };
		C18B2A111E654BB600402B65 /* BDVoiceRecognitionClientResources in Resources */ = {isa = PBXBuildFile; fileRef = C18B2A101E654BB600402B65 /* BDVoiceRecognitionClientResources */; };
		C18B2A141E654ED000402B65 /* BDVRSConfig.m in Sources */ = {isa = PBXBuildFile; fileRef = C18B2A131E654ED000402B65 /* BDVRSConfig.m */; settings = {COMPILER_FLAGS = "-fno-objc-arc"; }; };
		C18B2A171E654EDA00402B65 /* VoicesViewController.mm in Sources */ = {isa = PBXBuildFile; fileRef = C18B2A161E654EDA00402B65 /* VoicesViewController.mm */; };
		C18B2A1A1E65505300402B65 /* NSMutableArray+Queue.m in Sources */ = {isa = PBXBuildFile; fileRef = C18B2A191E65505300402B65 /* NSMutableArray+Queue.m */; };
		C18EA6691E11F8E7001CB741 /* XYMotionManager.m in Sources */ = {isa = PBXBuildFile; fileRef = C18EA6681E11F8E7001CB741 /* XYMotionManager.m */; };
		C19C26841E53F121004D0CF8 /* CoreGraphics.framework in Frameworks */ = {isa = PBXBuildFile; fileRef = C19C26831E53F121004D0CF8 /* CoreGraphics.framework */; };
		C19C268D1E5460BC004D0CF8 /* PhysicsAnimationView.m in Sources */ = {isa = PBXBuildFile; fileRef = C19C268C1E5460BC004D0CF8 /* PhysicsAnimationView.m */; };
		C19D93A31E1B886600E76508 /* processImage.swift in Sources */ = {isa = PBXBuildFile; fileRef = C19D93A21E1B886500E76508 /* processImage.swift */; };
		C1A0BD5E1DC6EDCC001581FF /* UIImage+data.m in Sources */ = {isa = PBXBuildFile; fileRef = C1A0BD5D1DC6EDCC001581FF /* UIImage+data.m */; };
/* End PBXBuildFile section */

/* Begin PBXContainerItemProxy section */
		C173E91C1DB45DF800AA413B /* PBXContainerItemProxy */ = {
			isa = PBXContainerItemProxy;
			containerPortal = C173E8FF1DB45DF700AA413B /* Project object */;
			proxyType = 1;
			remoteGlobalIDString = C173E9061DB45DF700AA413B;
			remoteInfo = ALSHandle_swift;
		};
		C173E9271DB45DF800AA413B /* PBXContainerItemProxy */ = {
			isa = PBXContainerItemProxy;
			containerPortal = C173E8FF1DB45DF700AA413B /* Project object */;
			proxyType = 1;
			remoteGlobalIDString = C173E9061DB45DF700AA413B;
			remoteInfo = ALSHandle_swift;
		};
/* End PBXContainerItemProxy section */

/* Begin PBXFileReference section */
		C127DB6F1DB8C5C7000FB0B6 /* CUSFlashLabel.m */ = {isa = PBXFileReference; fileEncoding = 4; lastKnownFileType = sourcecode.c.objc; path = CUSFlashLabel.m; sourceTree = "<group>"; };
		C127DB701DB8C5C7000FB0B6 /* CUSFlashLabel.h */ = {isa = PBXFileReference; fileEncoding = 4; lastKnownFileType = sourcecode.c.h; path = CUSFlashLabel.h; sourceTree = "<group>"; };
		C127DB721DB8CF95000FB0B6 /* AlertView.xib */ = {isa = PBXFileReference; fileEncoding = 4; lastKnownFileType = file.xib; path = AlertView.xib; sourceTree = "<group>"; };
		C1359DE61DBEF47A00F5452C /* SetItem.xib */ = {isa = PBXFileReference; fileEncoding = 4; lastKnownFileType = file.xib; name = SetItem.xib; path = ../SetItem.xib; sourceTree = "<group>"; };
		C14B32031DB5F80D006BC62D /* Building-Header.h */ = {isa = PBXFileReference; lastKnownFileType = sourcecode.c.h; path = "Building-Header.h"; sourceTree = "<group>"; };
		C14B32041DB5F9DB006BC62D /* XYSerialManage.h */ = {isa = PBXFileReference; fileEncoding = 4; lastKnownFileType = sourcecode.c.h; path = XYSerialManage.h; sourceTree = "<group>"; };
		C14B32051DB5F9DB006BC62D /* XYSerialManage.m */ = {isa = PBXFileReference; fileEncoding = 4; lastKnownFileType = sourcecode.c.objc; path = XYSerialManage.m; sourceTree = "<group>"; };
		C14B32071DB5F9E9006BC62D /* SerialGATT.h */ = {isa = PBXFileReference; fileEncoding = 4; lastKnownFileType = sourcecode.c.h; path = SerialGATT.h; sourceTree = "<group>"; };
		C14B32081DB5F9E9006BC62D /* SerialGATT.m */ = {isa = PBXFileReference; fileEncoding = 4; lastKnownFileType = sourcecode.c.objc; path = SerialGATT.m; sourceTree = "<group>"; };
		C14B320A1DB5FB44006BC62D /* NSData+SubData.h */ = {isa = PBXFileReference; fileEncoding = 4; lastKnownFileType = sourcecode.c.h; path = "NSData+SubData.h"; sourceTree = "<group>"; };
		C14B320B1DB5FB44006BC62D /* NSData+SubData.m */ = {isa = PBXFileReference; fileEncoding = 4; lastKnownFileType = sourcecode.c.objc; path = "NSData+SubData.m"; sourceTree = "<group>"; };
		C14B320C1DB5FB44006BC62D /* NSString+FindString.h */ = {isa = PBXFileReference; fileEncoding = 4; lastKnownFileType = sourcecode.c.h; path = "NSString+FindString.h"; sourceTree = "<group>"; };
		C14B320D1DB5FB44006BC62D /* NSString+FindString.m */ = {isa = PBXFileReference; fileEncoding = 4; lastKnownFileType = sourcecode.c.objc; path = "NSString+FindString.m"; sourceTree = "<group>"; };
		C173E9071DB45DF700AA413B /* ALSHandle_swift.app */ = {isa = PBXFileReference; explicitFileType = wrapper.application; includeInIndex = 0; path = ALSHandle_swift.app; sourceTree = BUILT_PRODUCTS_DIR; };
		C173E90A1DB45DF800AA413B /* AppDelegate.swift */ = {isa = PBXFileReference; lastKnownFileType = sourcecode.swift; path = AppDelegate.swift; sourceTree = "<group>"; };
		C173E90C1DB45DF800AA413B /* ViewController.swift */ = {isa = PBXFileReference; lastKnownFileType = sourcecode.swift; path = ViewController.swift; sourceTree = "<group>"; };
		C173E90F1DB45DF800AA413B /* Base */ = {isa = PBXFileReference; lastKnownFileType = file.storyboard; name = Base; path = Base.lproj/Main.storyboard; sourceTree = "<group>"; };
		C173E9141DB45DF800AA413B /* Base */ = {isa = PBXFileReference; lastKnownFileType = file.storyboard; name = Base; path = Base.lproj/LaunchScreen.storyboard; sourceTree = "<group>"; };
		C173E9161DB45DF800AA413B /* Info.plist */ = {isa = PBXFileReference; lastKnownFileType = text.plist.xml; path = Info.plist; sourceTree = "<group>"; };
		C173E91B1DB45DF800AA413B /* ALSHandle_swiftTests.xctest */ = {isa = PBXFileReference; explicitFileType = wrapper.cfbundle; includeInIndex = 0; path = ALSHandle_swiftTests.xctest; sourceTree = BUILT_PRODUCTS_DIR; };
		C173E91F1DB45DF800AA413B /* ALSHandle_swiftTests.swift */ = {isa = PBXFileReference; lastKnownFileType = sourcecode.swift; path = ALSHandle_swiftTests.swift; sourceTree = "<group>"; };
		C173E9211DB45DF800AA413B /* Info.plist */ = {isa = PBXFileReference; lastKnownFileType = text.plist.xml; path = Info.plist; sourceTree = "<group>"; };
		C173E9261DB45DF800AA413B /* ALSHandle_swiftUITests.xctest */ = {isa = PBXFileReference; explicitFileType = wrapper.cfbundle; includeInIndex = 0; path = ALSHandle_swiftUITests.xctest; sourceTree = BUILT_PRODUCTS_DIR; };
		C173E92A1DB45DF800AA413B /* ALSHandle_swiftUITests.swift */ = {isa = PBXFileReference; lastKnownFileType = sourcecode.swift; path = ALSHandle_swiftUITests.swift; sourceTree = "<group>"; };
		C173E92C1DB45DF800AA413B /* Info.plist */ = {isa = PBXFileReference; lastKnownFileType = text.plist.xml; path = Info.plist; sourceTree = "<group>"; };
		C174D85F1DC82F220086BD96 /* Images.xcassets */ = {isa = PBXFileReference; lastKnownFileType = folder.assetcatalog; path = Images.xcassets; sourceTree = "<group>"; };
		C174D8761DC837F50086BD96 /* LoadingViewController.swift */ = {isa = PBXFileReference; fileEncoding = 4; lastKnownFileType = sourcecode.swift; path = LoadingViewController.swift; sourceTree = "<group>"; };
		C1765A051DB8AC4900D343E2 /* SteeringWheel.h */ = {isa = PBXFileReference; fileEncoding = 4; lastKnownFileType = sourcecode.c.h; path = SteeringWheel.h; sourceTree = "<group>"; };
		C1765A061DB8AC4900D343E2 /* SteeringWheel.m */ = {isa = PBXFileReference; fileEncoding = 4; lastKnownFileType = sourcecode.c.objc; path = SteeringWheel.m; sourceTree = "<group>"; };
		C1765A081DB8AD0400D343E2 /* XYDirectionCalculate.c */ = {isa = PBXFileReference; fileEncoding = 4; lastKnownFileType = sourcecode.c.c; path = XYDirectionCalculate.c; sourceTree = "<group>"; };
		C1765A091DB8AD0400D343E2 /* XYDirectionCalculate.h */ = {isa = PBXFileReference; fileEncoding = 4; lastKnownFileType = sourcecode.c.h; path = XYDirectionCalculate.h; sourceTree = "<group>"; };
		C17A237B1DBD99820055ADBC /* ConnectViewController.swift */ = {isa = PBXFileReference; fileEncoding = 4; lastKnownFileType = sourcecode.swift; path = ConnectViewController.swift; sourceTree = "<group>"; };
		C17A237D1DBDBBEB0055ADBC /* AlertView.swift */ = {isa = PBXFileReference; fileEncoding = 4; lastKnownFileType = sourcecode.swift; path = AlertView.swift; sourceTree = "<group>"; };
		C17A237F1DBDF0030055ADBC /* SetingViewController.swift */ = {isa = PBXFileReference; fileEncoding = 4; lastKnownFileType = sourcecode.swift; path = SetingViewController.swift; sourceTree = "<group>"; };
		C18B29CE1E65428300402B65 /* AudioToolbox.framework */ = {isa = PBXFileReference; lastKnownFileType = wrapper.framework; name = AudioToolbox.framework; path = System/Library/Frameworks/AudioToolbox.framework; sourceTree = SDKROOT; };
		C18B29D01E65428D00402B65 /* AVFoundation.framework */ = {isa = PBXFileReference; lastKnownFileType = wrapper.framework; name = AVFoundation.framework; path = System/Library/Frameworks/AVFoundation.framework; sourceTree = SDKROOT; };
		C18B29D21E6542A100402B65 /* SystemConfiguration.framework */ = {isa = PBXFileReference; lastKnownFileType = wrapper.framework; name = SystemConfiguration.framework; path = System/Library/Frameworks/SystemConfiguration.framework; sourceTree = SDKROOT; };
		C18B29D41E6542AF00402B65 /* Security.framework */ = {isa = PBXFileReference; lastKnownFileType = wrapper.framework; name = Security.framework; path = System/Library/Frameworks/Security.framework; sourceTree = SDKROOT; };
		C18B29D61E6542DD00402B65 /* libz.1.tbd */ = {isa = PBXFileReference; lastKnownFileType = "sourcecode.text-based-dylib-definition"; name = libz.1.tbd; path = usr/lib/libz.1.tbd; sourceTree = SDKROOT; };
		C18B29D81E6542E800402B65 /* CFNetwork.framework */ = {isa = PBXFileReference; lastKnownFileType = wrapper.framework; name = CFNetwork.framework; path = System/Library/Frameworks/CFNetwork.framework; sourceTree = SDKROOT; };
		C18B29DA1E6542F400402B65 /* CoreLocation.framework */ = {isa = PBXFileReference; lastKnownFileType = wrapper.framework; name = CoreLocation.framework; path = System/Library/Frameworks/CoreLocation.framework; sourceTree = SDKROOT; };
		C18B29DC1E65430100402B65 /* OpenGLES.framework */ = {isa = PBXFileReference; lastKnownFileType = wrapper.framework; name = OpenGLES.framework; path = System/Library/Frameworks/OpenGLES.framework; sourceTree = SDKROOT; };
		C18B29DE1E65430900402B65 /* QuartzCore.framework */ = {isa = PBXFileReference; lastKnownFileType = wrapper.framework; name = QuartzCore.framework; path = System/Library/Frameworks/QuartzCore.framework; sourceTree = SDKROOT; };
		C18B29E01E65431700402B65 /* GLKit.framework */ = {isa = PBXFileReference; lastKnownFileType = wrapper.framework; name = GLKit.framework; path = System/Library/Frameworks/GLKit.framework; sourceTree = SDKROOT; };
		C18B29E21E65432700402B65 /* CoreText.framework */ = {isa = PBXFileReference; lastKnownFileType = wrapper.framework; name = CoreText.framework; path = System/Library/Frameworks/CoreText.framework; sourceTree = SDKROOT; };
		C18B29E41E65437C00402B65 /* CoreTelephony.framework */ = {isa = PBXFileReference; lastKnownFileType = wrapper.framework; name = CoreTelephony.framework; path = System/Library/Frameworks/CoreTelephony.framework; sourceTree = SDKROOT; };
		C18B29E71E654B3500402B65 /* BDRecognizerViewController.h */ = {isa = PBXFileReference; fileEncoding = 4; lastKnownFileType = sourcecode.c.h; path = BDRecognizerViewController.h; sourceTree = "<group>"; };
		C18B29E81E654B3500402B65 /* BDRecognizerViewDelegate.h */ = {isa = PBXFileReference; fileEncoding = 4; lastKnownFileType = sourcecode.c.h; path = BDRecognizerViewDelegate.h; sourceTree = "<group>"; };
		C18B29E91E654B3500402B65 /* BDRecognizerViewParamsObject.h */ = {isa = PBXFileReference; fileEncoding = 4; lastKnownFileType = sourcecode.c.h; path = BDRecognizerViewParamsObject.h; sourceTree = "<group>"; };
		C18B29EA1E654B3500402B65 /* BDTheme.h */ = {isa = PBXFileReference; fileEncoding = 4; lastKnownFileType = sourcecode.c.h; path = BDTheme.h; sourceTree = "<group>"; };
		C18B29EB1E654B3500402B65 /* BDVoiceRecognitionClient.h */ = {isa = PBXFileReference; fileEncoding = 4; lastKnownFileType = sourcecode.c.h; path = BDVoiceRecognitionClient.h; sourceTree = "<group>"; };
		C18B29EC1E654B3500402B65 /* BDVRDataUploader.h */ = {isa = PBXFileReference; fileEncoding = 4; lastKnownFileType = sourcecode.c.h; path = BDVRDataUploader.h; sourceTree = "<group>"; };
		C18B29ED1E654B3500402B65 /* BDVRFileRecognizer.h */ = {isa = PBXFileReference; fileEncoding = 4; lastKnownFileType = sourcecode.c.h; path = BDVRFileRecognizer.h; sourceTree = "<group>"; };
		C18B29EE1E654B3500402B65 /* BDVRRawDataRecognizer.h */ = {isa = PBXFileReference; fileEncoding = 4; lastKnownFileType = sourcecode.c.h; path = BDVRRawDataRecognizer.h; sourceTree = "<group>"; };
		C18B29EF1E654B3500402B65 /* BDVRUIPromptTextCustom.h */ = {isa = PBXFileReference; fileEncoding = 4; lastKnownFileType = sourcecode.c.h; path = BDVRUIPromptTextCustom.h; sourceTree = "<group>"; };
		C18B29F01E654B3500402B65 /* NSMutableArray+Queue.h */ = {isa = PBXFileReference; fileEncoding = 4; lastKnownFileType = sourcecode.c.h; path = "NSMutableArray+Queue.h"; sourceTree = "<group>"; };
		C18B29F11E654B3500402B65 /* NSMutableArray+Queue.m */ = {isa = PBXFileReference; fileEncoding = 4; lastKnownFileType = sourcecode.c.objc; path = "NSMutableArray+Queue.m"; sourceTree = "<group>"; };
		C18B29F41E654B4D00402B65 /* libBDVoiceRecognitionClient.a */ = {isa = PBXFileReference; lastKnownFileType = archive.ar; path = libBDVoiceRecognitionClient.a; sourceTree = "<group>"; };
		C18B29F81E654B6300402B65 /* CADebugMacros.cpp */ = {isa = PBXFileReference; fileEncoding = 4; lastKnownFileType = sourcecode.cpp.cpp; path = CADebugMacros.cpp; sourceTree = "<group>"; };
		C18B29F91E654B6300402B65 /* CADebugMacros.h */ = {isa = PBXFileReference; fileEncoding = 4; lastKnownFileType = sourcecode.c.h; path = CADebugMacros.h; sourceTree = "<group>"; };
		C18B29FA1E654B6300402B65 /* CAMath.h */ = {isa = PBXFileReference; fileEncoding = 4; lastKnownFileType = sourcecode.c.h; path = CAMath.h; sourceTree = "<group>"; };
		C18B29FB1E654B6300402B65 /* CAStreamBasicDescription.cpp */ = {isa = PBXFileReference; fileEncoding = 4; lastKnownFileType = sourcecode.cpp.cpp; path = CAStreamBasicDescription.cpp; sourceTree = "<group>"; };
		C18B29FC1E654B6300402B65 /* CAStreamBasicDescription.h */ = {isa = PBXFileReference; fileEncoding = 4; lastKnownFileType = sourcecode.c.h; path = CAStreamBasicDescription.h; sourceTree = "<group>"; };
		C18B29FD1E654B6300402B65 /* CAXException.cpp */ = {isa = PBXFileReference; fileEncoding = 4; lastKnownFileType = sourcecode.cpp.cpp; path = CAXException.cpp; sourceTree = "<group>"; };
		C18B29FE1E654B6300402B65 /* CAXException.h */ = {isa = PBXFileReference; fileEncoding = 4; lastKnownFileType = sourcecode.c.h; path = CAXException.h; sourceTree = "<group>"; };
		C18B2A001E654B6300402B65 /* s_1 */ = {isa = PBXFileReference; lastKnownFileType = file; path = s_1; sourceTree = "<group>"; };
		C18B2A011E654B6300402B65 /* s_2_InputMethod */ = {isa = PBXFileReference; lastKnownFileType = file; path = s_2_InputMethod; sourceTree = "<group>"; };
		C18B2A021E654B6300402B65 /* s_2_Navi */ = {isa = PBXFileReference; lastKnownFileType = file; path = s_2_Navi; sourceTree = "<group>"; };
		C18B2A041E654B6300402B65 /* bdasr_temp_license.dat */ = {isa = PBXFileReference; fileEncoding = 4; lastKnownFileType = text; path = bdasr_temp_license.dat; sourceTree = "<group>"; };
		C18B2A061E654B6300402B65 /* TTTAttributedLabel.h */ = {isa = PBXFileReference; fileEncoding = 4; lastKnownFileType = sourcecode.c.h; path = TTTAttributedLabel.h; sourceTree = "<group>"; };
		C18B2A071E654B6300402B65 /* TTTAttributedLabel.m */ = {isa = PBXFileReference; fileEncoding = 4; lastKnownFileType = sourcecode.c.objc; path = TTTAttributedLabel.m; sourceTree = "<group>"; };
		C18B2A101E654BB600402B65 /* BDVoiceRecognitionClientResources */ = {isa = PBXFileReference; lastKnownFileType = folder; path = BDVoiceRecognitionClientResources; sourceTree = "<group>"; };
		C18B2A121E654ED000402B65 /* BDVRSConfig.h */ = {isa = PBXFileReference; fileEncoding = 4; lastKnownFileType = sourcecode.c.h; path = BDVRSConfig.h; sourceTree = "<group>"; };
		C18B2A131E654ED000402B65 /* BDVRSConfig.m */ = {isa = PBXFileReference; fileEncoding = 4; lastKnownFileType = sourcecode.c.objc; path = BDVRSConfig.m; sourceTree = "<group>"; };
		C18B2A151E654EDA00402B65 /* VoicesViewController.h */ = {isa = PBXFileReference; fileEncoding = 4; lastKnownFileType = sourcecode.c.h; path = VoicesViewController.h; sourceTree = "<group>"; };
		C18B2A161E654EDA00402B65 /* VoicesViewController.mm */ = {isa = PBXFileReference; fileEncoding = 4; lastKnownFileType = sourcecode.cpp.objcpp; path = VoicesViewController.mm; sourceTree = "<group>"; };
		C18B2A181E65505300402B65 /* NSMutableArray+Queue.h */ = {isa = PBXFileReference; fileEncoding = 4; lastKnownFileType = sourcecode.c.h; path = "NSMutableArray+Queue.h"; sourceTree = "<group>"; };
		C18B2A191E65505300402B65 /* NSMutableArray+Queue.m */ = {isa = PBXFileReference; fileEncoding = 4; lastKnownFileType = sourcecode.c.objc; path = "NSMutableArray+Queue.m"; sourceTree = "<group>"; };
		C18EA6671E11F8E7001CB741 /* XYMotionManager.h */ = {isa = PBXFileReference; fileEncoding = 4; lastKnownFileType = sourcecode.c.h; path = XYMotionManager.h; sourceTree = "<group>"; };
		C18EA6681E11F8E7001CB741 /* XYMotionManager.m */ = {isa = PBXFileReference; fileEncoding = 4; lastKnownFileType = sourcecode.c.objc; path = XYMotionManager.m; sourceTree = "<group>"; };
		C19C26831E53F121004D0CF8 /* CoreGraphics.framework */ = {isa = PBXFileReference; lastKnownFileType = wrapper.framework; name = CoreGraphics.framework; path = System/Library/Frameworks/CoreGraphics.framework; sourceTree = SDKROOT; };
		C19C268B1E5460BC004D0CF8 /* PhysicsAnimationView.h */ = {isa = PBXFileReference; fileEncoding = 4; lastKnownFileType = sourcecode.c.h; path = PhysicsAnimationView.h; sourceTree = "<group>"; };
		C19C268C1E5460BC004D0CF8 /* PhysicsAnimationView.m */ = {isa = PBXFileReference; fileEncoding = 4; lastKnownFileType = sourcecode.c.objc; path = PhysicsAnimationView.m; sourceTree = "<group>"; };
		C19D93A21E1B886500E76508 /* processImage.swift */ = {isa = PBXFileReference; fileEncoding = 4; lastKnownFileType = sourcecode.swift; path = processImage.swift; sourceTree = "<group>"; };
		C1A0BD5C1DC6EDCC001581FF /* UIImage+data.h */ = {isa = PBXFileReference; fileEncoding = 4; lastKnownFileType = sourcecode.c.h; path = "UIImage+data.h"; sourceTree = "<group>"; };
		C1A0BD5D1DC6EDCC001581FF /* UIImage+data.m */ = {isa = PBXFileReference; fileEncoding = 4; lastKnownFileType = sourcecode.c.objc; path = "UIImage+data.m"; sourceTree = "<group>"; };
/* End PBXFileReference section */

/* Begin PBXFrameworksBuildPhase section */
		C173E9041DB45DF700AA413B /* Frameworks */ = {
			isa = PBXFrameworksBuildPhase;
			buildActionMask = 2147483647;
			files = (
				C18B29E51E65437C00402B65 /* CoreTelephony.framework in Frameworks */,
				C18B29E31E65432700402B65 /* CoreText.framework in Frameworks */,
				C18B29E11E65431700402B65 /* GLKit.framework in Frameworks */,
				C18B29DF1E65430900402B65 /* QuartzCore.framework in Frameworks */,
				C18B29DD1E65430100402B65 /* OpenGLES.framework in Frameworks */,
				C18B29DB1E6542F400402B65 /* CoreLocation.framework in Frameworks */,
				C18B29D91E6542E800402B65 /* CFNetwork.framework in Frameworks */,
				C18B29D71E6542DD00402B65 /* libz.1.tbd in Frameworks */,
				C18B29D51E6542AF00402B65 /* Security.framework in Frameworks */,
				C18B29D31E6542A100402B65 /* SystemConfiguration.framework in Frameworks */,
				C18B29D11E65428D00402B65 /* AVFoundation.framework in Frameworks */,
				C18B29CF1E65428300402B65 /* AudioToolbox.framework in Frameworks */,
				C19C26841E53F121004D0CF8 /* CoreGraphics.framework in Frameworks */,
				C18B29F51E654B4D00402B65 /* libBDVoiceRecognitionClient.a in Frameworks */,
			);
			runOnlyForDeploymentPostprocessing = 0;
		};
		C173E9181DB45DF800AA413B /* Frameworks */ = {
			isa = PBXFrameworksBuildPhase;
			buildActionMask = 2147483647;
			files = (
			);
			runOnlyForDeploymentPostprocessing = 0;
		};
		C173E9231DB45DF800AA413B /* Frameworks */ = {
			isa = PBXFrameworksBuildPhase;
			buildActionMask = 2147483647;
			files = (
			);
			runOnlyForDeploymentPostprocessing = 0;
		};
/* End PBXFrameworksBuildPhase section */

/* Begin PBXGroup section */
		C14B32101DB5FB48006BC62D /* SerialManager */ = {
			isa = PBXGroup;
			children = (
				C19C268B1E5460BC004D0CF8 /* PhysicsAnimationView.h */,
				C19C268C1E5460BC004D0CF8 /* PhysicsAnimationView.m */,
				C127DB6F1DB8C5C7000FB0B6 /* CUSFlashLabel.m */,
				C127DB701DB8C5C7000FB0B6 /* CUSFlashLabel.h */,
				C1765A081DB8AD0400D343E2 /* XYDirectionCalculate.c */,
				C1765A091DB8AD0400D343E2 /* XYDirectionCalculate.h */,
				C1765A051DB8AC4900D343E2 /* SteeringWheel.h */,
				C1765A061DB8AC4900D343E2 /* SteeringWheel.m */,
				C14B320A1DB5FB44006BC62D /* NSData+SubData.h */,
				C14B320B1DB5FB44006BC62D /* NSData+SubData.m */,
				C1A0BD5C1DC6EDCC001581FF /* UIImage+data.h */,
				C1A0BD5D1DC6EDCC001581FF /* UIImage+data.m */,
				C14B320C1DB5FB44006BC62D /* NSString+FindString.h */,
				C14B320D1DB5FB44006BC62D /* NSString+FindString.m */,
				C14B32071DB5F9E9006BC62D /* SerialGATT.h */,
				C14B32081DB5F9E9006BC62D /* SerialGATT.m */,
				C14B32041DB5F9DB006BC62D /* XYSerialManage.h */,
				C14B32051DB5F9DB006BC62D /* XYSerialManage.m */,
				C18EA6671E11F8E7001CB741 /* XYMotionManager.h */,
				C18EA6681E11F8E7001CB741 /* XYMotionManager.m */,
			);
			name = SerialManager;
			sourceTree = "<group>";
		};
		C173E8FE1DB45DF700AA413B = {
			isa = PBXGroup;
			children = (
				C173E9091DB45DF700AA413B /* ALSHandle_swift */,
				C173E91E1DB45DF800AA413B /* ALSHandle_swiftTests */,
				C173E9291DB45DF800AA413B /* ALSHandle_swiftUITests */,
				C173E9081DB45DF700AA413B /* Products */,
				C19C26821E53F121004D0CF8 /* Frameworks */,
			);
			sourceTree = "<group>";
		};
		C173E9081DB45DF700AA413B /* Products */ = {
			isa = PBXGroup;
			children = (
				C173E9071DB45DF700AA413B /* ALSHandle_swift.app */,
				C173E91B1DB45DF800AA413B /* ALSHandle_swiftTests.xctest */,
				C173E9261DB45DF800AA413B /* ALSHandle_swiftUITests.xctest */,
			);
			name = Products;
			sourceTree = "<group>";
		};
		C173E9091DB45DF700AA413B /* ALSHandle_swift */ = {
			isa = PBXGroup;
			children = (
				C18B2A181E65505300402B65 /* NSMutableArray+Queue.h */,
				C18B2A191E65505300402B65 /* NSMutableArray+Queue.m */,
				C18B2A151E654EDA00402B65 /* VoicesViewController.h */,
				C18B2A161E654EDA00402B65 /* VoicesViewController.mm */,
				C18B2A121E654ED000402B65 /* BDVRSConfig.h */,
				C18B2A131E654ED000402B65 /* BDVRSConfig.m */,
				C18B2A101E654BB600402B65 /* BDVoiceRecognitionClientResources */,
				C18B29F61E654B6300402B65 /* Third-party */,
				C18B29F31E654B4D00402B65 /* libBDVoiceRecognitionClient */,
				C18B29E61E654B3500402B65 /* Headers */,
				C14B32101DB5FB48006BC62D /* SerialManager */,
				C173E90A1DB45DF800AA413B /* AppDelegate.swift */,
				C19D93A21E1B886500E76508 /* processImage.swift */,
				C174D8761DC837F50086BD96 /* LoadingViewController.swift */,
				C173E90C1DB45DF800AA413B /* ViewController.swift */,
				C17A237B1DBD99820055ADBC /* ConnectViewController.swift */,
				C14B32031DB5F80D006BC62D /* Building-Header.h */,
				C17A237F1DBDF0030055ADBC /* SetingViewController.swift */,
				C173E90E1DB45DF800AA413B /* Main.storyboard */,
				C127DB721DB8CF95000FB0B6 /* AlertView.xib */,
				C17A237D1DBDBBEB0055ADBC /* AlertView.swift */,
				C1359DE61DBEF47A00F5452C /* SetItem.xib */,
				C173E9131DB45DF800AA413B /* LaunchScreen.storyboard */,
				C173E9161DB45DF800AA413B /* Info.plist */,
				C174D85F1DC82F220086BD96 /* Images.xcassets */,
			);
			path = ALSHandle_swift;
			sourceTree = "<group>";
		};
		C173E91E1DB45DF800AA413B /* ALSHandle_swiftTests */ = {
			isa = PBXGroup;
			children = (
				C173E91F1DB45DF800AA413B /* ALSHandle_swiftTests.swift */,
				C173E9211DB45DF800AA413B /* Info.plist */,
			);
			path = ALSHandle_swiftTests;
			sourceTree = "<group>";
		};
		C173E9291DB45DF800AA413B /* ALSHandle_swiftUITests */ = {
			isa = PBXGroup;
			children = (
				C173E92A1DB45DF800AA413B /* ALSHandle_swiftUITests.swift */,
				C173E92C1DB45DF800AA413B /* Info.plist */,
			);
			path = ALSHandle_swiftUITests;
			sourceTree = "<group>";
		};
		C18B29E61E654B3500402B65 /* Headers */ = {
			isa = PBXGroup;
			children = (
				C18B29E71E654B3500402B65 /* BDRecognizerViewController.h */,
				C18B29E81E654B3500402B65 /* BDRecognizerViewDelegate.h */,
				C18B29E91E654B3500402B65 /* BDRecognizerViewParamsObject.h */,
				C18B29EA1E654B3500402B65 /* BDTheme.h */,
				C18B29EB1E654B3500402B65 /* BDVoiceRecognitionClient.h */,
				C18B29EC1E654B3500402B65 /* BDVRDataUploader.h */,
				C18B29ED1E654B3500402B65 /* BDVRFileRecognizer.h */,
				C18B29EE1E654B3500402B65 /* BDVRRawDataRecognizer.h */,
				C18B29EF1E654B3500402B65 /* BDVRUIPromptTextCustom.h */,
				C18B29F01E654B3500402B65 /* NSMutableArray+Queue.h */,
				C18B29F11E654B3500402B65 /* NSMutableArray+Queue.m */,
			);
			path = Headers;
			sourceTree = "<group>";
		};
		C18B29F31E654B4D00402B65 /* libBDVoiceRecognitionClient */ = {
			isa = PBXGroup;
			children = (
				C18B29F41E654B4D00402B65 /* libBDVoiceRecognitionClient.a */,
			);
			path = libBDVoiceRecognitionClient;
			sourceTree = "<group>";
		};
		C18B29F61E654B6300402B65 /* Third-party */ = {
			isa = PBXGroup;
			children = (
				C18B29F71E654B6300402B65 /* CoreAudioUtility */,
				C18B29FF1E654B6300402B65 /* Data */,
				C18B2A031E654B6300402B65 /* License */,
				C18B2A051E654B6300402B65 /* TTTAttributedLabel */,
			);
			path = "Third-party";
			sourceTree = "<group>";
		};
		C18B29F71E654B6300402B65 /* CoreAudioUtility */ = {
			isa = PBXGroup;
			children = (
				C18B29F81E654B6300402B65 /* CADebugMacros.cpp */,
				C18B29F91E654B6300402B65 /* CADebugMacros.h */,
				C18B29FA1E654B6300402B65 /* CAMath.h */,
				C18B29FB1E654B6300402B65 /* CAStreamBasicDescription.cpp */,
				C18B29FC1E654B6300402B65 /* CAStreamBasicDescription.h */,
				C18B29FD1E654B6300402B65 /* CAXException.cpp */,
				C18B29FE1E654B6300402B65 /* CAXException.h */,
			);
			path = CoreAudioUtility;
			sourceTree = "<group>";
		};
		C18B29FF1E654B6300402B65 /* Data */ = {
			isa = PBXGroup;
			children = (
				C18B2A001E654B6300402B65 /* s_1 */,
				C18B2A011E654B6300402B65 /* s_2_InputMethod */,
				C18B2A021E654B6300402B65 /* s_2_Navi */,
			);
			path = Data;
			sourceTree = "<group>";
		};
		C18B2A031E654B6300402B65 /* License */ = {
			isa = PBXGroup;
			children = (
				C18B2A041E654B6300402B65 /* bdasr_temp_license.dat */,
			);
			path = License;
			sourceTree = "<group>";
		};
		C18B2A051E654B6300402B65 /* TTTAttributedLabel */ = {
			isa = PBXGroup;
			children = (
				C18B2A061E654B6300402B65 /* TTTAttributedLabel.h */,
				C18B2A071E654B6300402B65 /* TTTAttributedLabel.m */,
			);
			path = TTTAttributedLabel;
			sourceTree = "<group>";
		};
		C19C26821E53F121004D0CF8 /* Frameworks */ = {
			isa = PBXGroup;
			children = (
				C18B29E41E65437C00402B65 /* CoreTelephony.framework */,
				C18B29E21E65432700402B65 /* CoreText.framework */,
				C18B29E01E65431700402B65 /* GLKit.framework */,
				C18B29DE1E65430900402B65 /* QuartzCore.framework */,
				C18B29DC1E65430100402B65 /* OpenGLES.framework */,
				C18B29DA1E6542F400402B65 /* CoreLocation.framework */,
				C18B29D81E6542E800402B65 /* CFNetwork.framework */,
				C18B29D61E6542DD00402B65 /* libz.1.tbd */,
				C18B29D41E6542AF00402B65 /* Security.framework */,
				C18B29D21E6542A100402B65 /* SystemConfiguration.framework */,
				C18B29D01E65428D00402B65 /* AVFoundation.framework */,
				C18B29CE1E65428300402B65 /* AudioToolbox.framework */,
				C19C26831E53F121004D0CF8 /* CoreGraphics.framework */,
			);
			name = Frameworks;
			sourceTree = "<group>";
		};
/* End PBXGroup section */

/* Begin PBXNativeTarget section */
		C173E9061DB45DF700AA413B /* ALSHandle_swift */ = {
			isa = PBXNativeTarget;
			buildConfigurationList = C173E92F1DB45DF800AA413B /* Build configuration list for PBXNativeTarget "ALSHandle_swift" */;
			buildPhases = (
				C173E9031DB45DF700AA413B /* Sources */,
				C173E9041DB45DF700AA413B /* Frameworks */,
				C173E9051DB45DF700AA413B /* Resources */,
			);
			buildRules = (
			);
			dependencies = (
			);
			name = ALSHandle_swift;
			productName = ALSHandle_swift;
			productReference = C173E9071DB45DF700AA413B /* ALSHandle_swift.app */;
			productType = "com.apple.product-type.application";
		};
		C173E91A1DB45DF800AA413B /* ALSHandle_swiftTests */ = {
			isa = PBXNativeTarget;
			buildConfigurationList = C173E9321DB45DF800AA413B /* Build configuration list for PBXNativeTarget "ALSHandle_swiftTests" */;
			buildPhases = (
				C173E9171DB45DF800AA413B /* Sources */,
				C173E9181DB45DF800AA413B /* Frameworks */,
				C173E9191DB45DF800AA413B /* Resources */,
			);
			buildRules = (
			);
			dependencies = (
				C173E91D1DB45DF800AA413B /* PBXTargetDependency */,
			);
			name = ALSHandle_swiftTests;
			productName = ALSHandle_swiftTests;
			productReference = C173E91B1DB45DF800AA413B /* ALSHandle_swiftTests.xctest */;
			productType = "com.apple.product-type.bundle.unit-test";
		};
		C173E9251DB45DF800AA413B /* ALSHandle_swiftUITests */ = {
			isa = PBXNativeTarget;
			buildConfigurationList = C173E9351DB45DF800AA413B /* Build configuration list for PBXNativeTarget "ALSHandle_swiftUITests" */;
			buildPhases = (
				C173E9221DB45DF800AA413B /* Sources */,
				C173E9231DB45DF800AA413B /* Frameworks */,
				C173E9241DB45DF800AA413B /* Resources */,
			);
			buildRules = (
			);
			dependencies = (
				C173E9281DB45DF800AA413B /* PBXTargetDependency */,
			);
			name = ALSHandle_swiftUITests;
			productName = ALSHandle_swiftUITests;
			productReference = C173E9261DB45DF800AA413B /* ALSHandle_swiftUITests.xctest */;
			productType = "com.apple.product-type.bundle.ui-testing";
		};
/* End PBXNativeTarget section */

/* Begin PBXProject section */
		C173E8FF1DB45DF700AA413B /* Project object */ = {
			isa = PBXProject;
			attributes = {
				LastSwiftUpdateCheck = 0800;
				LastUpgradeCheck = 0800;
				ORGANIZATIONNAME = RainPoll;
				TargetAttributes = {
					C173E9061DB45DF700AA413B = {
						CreatedOnToolsVersion = 8.0;
						DevelopmentTeam = 7QBZV3YGDE;
						ProvisioningStyle = Automatic;
					};
					C173E91A1DB45DF800AA413B = {
						CreatedOnToolsVersion = 8.0;
						DevelopmentTeam = 7QBZV3YGDE;
						ProvisioningStyle = Automatic;
						TestTargetID = C173E9061DB45DF700AA413B;
					};
					C173E9251DB45DF800AA413B = {
						CreatedOnToolsVersion = 8.0;
						DevelopmentTeam = 7QBZV3YGDE;
						ProvisioningStyle = Automatic;
						TestTargetID = C173E9061DB45DF700AA413B;
					};
				};
			};
			buildConfigurationList = C173E9021DB45DF700AA413B /* Build configuration list for PBXProject "ALSHandle_swift" */;
			compatibilityVersion = "Xcode 3.2";
			developmentRegion = English;
			hasScannedForEncodings = 0;
			knownRegions = (
				en,
				Base,
			);
			mainGroup = C173E8FE1DB45DF700AA413B;
			productRefGroup = C173E9081DB45DF700AA413B /* Products */;
			projectDirPath = "";
			projectRoot = "";
			targets = (
				C173E9061DB45DF700AA413B /* ALSHandle_swift */,
				C173E91A1DB45DF800AA413B /* ALSHandle_swiftTests */,
				C173E9251DB45DF800AA413B /* ALSHandle_swiftUITests */,
			);
		};
/* End PBXProject section */

/* Begin PBXResourcesBuildPhase section */
		C173E9051DB45DF700AA413B /* Resources */ = {
			isa = PBXResourcesBuildPhase;
			buildActionMask = 2147483647;
			files = (
				C18B2A0B1E654B6300402B65 /* s_1 in Resources */,
				C18B2A0D1E654B6300402B65 /* s_2_Navi in Resources */,
				C18B2A111E654BB600402B65 /* BDVoiceRecognitionClientResources in Resources */,
				C18B2A0C1E654B6300402B65 /* s_2_InputMethod in Resources */,
				C1359DE71DBEF47A00F5452C /* SetItem.xib in Resources */,
				C173E9151DB45DF800AA413B /* LaunchScreen.storyboard in Resources */,
				C174D8601DC82F220086BD96 /* Images.xcassets in Resources */,
				C127DB731DB8CF95000FB0B6 /* AlertView.xib in Resources */,
				C18B2A0E1E654B6300402B65 /* bdasr_temp_license.dat in Resources */,
				C173E9101DB45DF800AA413B /* Main.storyboard in Resources */,
			);
			runOnlyForDeploymentPostprocessing = 0;
		};
		C173E9191DB45DF800AA413B /* Resources */ = {
			isa = PBXResourcesBuildPhase;
			buildActionMask = 2147483647;
			files = (
			);
			runOnlyForDeploymentPostprocessing = 0;
		};
		C173E9241DB45DF800AA413B /* Resources */ = {
			isa = PBXResourcesBuildPhase;
			buildActionMask = 2147483647;
			files = (
			);
			runOnlyForDeploymentPostprocessing = 0;
		};
/* End PBXResourcesBuildPhase section */

/* Begin PBXSourcesBuildPhase section */
		C173E9031DB45DF700AA413B /* Sources */ = {
			isa = PBXSourcesBuildPhase;
			buildActionMask = 2147483647;
			files = (
				C1765A071DB8AC4900D343E2 /* SteeringWheel.m in Sources */,
				C14B32061DB5F9DB006BC62D /* XYSerialManage.m in Sources */,
				C17A23801DBDF0030055ADBC /* SetingViewController.swift in Sources */,
				C18EA6691E11F8E7001CB741 /* XYMotionManager.m in Sources */,
				C173E90D1DB45DF800AA413B /* ViewController.swift in Sources */,
				C17A237E1DBDBBEB0055ADBC /* AlertView.swift in Sources */,
				C1A0BD5E1DC6EDCC001581FF /* UIImage+data.m in Sources */,
				C14B320E1DB5FB44006BC62D /* NSData+SubData.m in Sources */,
				C174D8771DC837F50086BD96 /* LoadingViewController.swift in Sources */,
				C173E90B1DB45DF800AA413B /* AppDelegate.swift in Sources */,
				C17A237C1DBD99820055ADBC /* ConnectViewController.swift in Sources */,
				C18B29F21E654B3500402B65 /* NSMutableArray+Queue.m in Sources */,
				C18B2A141E654ED000402B65 /* BDVRSConfig.m in Sources */,
				C18B2A0A1E654B6300402B65 /* CAXException.cpp in Sources */,
				C14B32091DB5F9E9006BC62D /* SerialGATT.m in Sources */,
				C18B2A171E654EDA00402B65 /* VoicesViewController.mm in Sources */,
				C14B320F1DB5FB44006BC62D /* NSString+FindString.m in Sources */,
				C1765A0A1DB8AD0400D343E2 /* XYDirectionCalculate.c in Sources */,
				C18B2A1A1E65505300402B65 /* NSMutableArray+Queue.m in Sources */,
				C127DB711DB8C5C7000FB0B6 /* CUSFlashLabel.m in Sources */,
				C18B2A081E654B6300402B65 /* CADebugMacros.cpp in Sources */,
				C19C268D1E5460BC004D0CF8 /* PhysicsAnimationView.m in Sources */,
				C19D93A31E1B886600E76508 /* processImage.swift in Sources */,
				C18B2A091E654B6300402B65 /* CAStreamBasicDescription.cpp in Sources */,
				C18B2A0F1E654B6300402B65 /* TTTAttributedLabel.m in Sources */,
			);
			runOnlyForDeploymentPostprocessing = 0;
		};
		C173E9171DB45DF800AA413B /* Sources */ = {
			isa = PBXSourcesBuildPhase;
			buildActionMask = 2147483647;
			files = (
				C173E9201DB45DF800AA413B /* ALSHandle_swiftTests.swift in Sources */,
			);
			runOnlyForDeploymentPostprocessing = 0;
		};
		C173E9221DB45DF800AA413B /* Sources */ = {
			isa = PBXSourcesBuildPhase;
			buildActionMask = 2147483647;
			files = (
				C173E92B1DB45DF800AA413B /* ALSHandle_swiftUITests.swift in Sources */,
			);
			runOnlyForDeploymentPostprocessing = 0;
		};
/* End PBXSourcesBuildPhase section */

/* Begin PBXTargetDependency section */
		C173E91D1DB45DF800AA413B /* PBXTargetDependency */ = {
			isa = PBXTargetDependency;
			target = C173E9061DB45DF700AA413B /* ALSHandle_swift */;
			targetProxy = C173E91C1DB45DF800AA413B /* PBXContainerItemProxy */;
		};
		C173E9281DB45DF800AA413B /* PBXTargetDependency */ = {
			isa = PBXTargetDependency;
			target = C173E9061DB45DF700AA413B /* ALSHandle_swift */;
			targetProxy = C173E9271DB45DF800AA413B /* PBXContainerItemProxy */;
		};
/* End PBXTargetDependency section */

/* Begin PBXVariantGroup section */
		C173E90E1DB45DF800AA413B /* Main.storyboard */ = {
			isa = PBXVariantGroup;
			children = (
				C173E90F1DB45DF800AA413B /* Base */,
			);
			name = Main.storyboard;
			sourceTree = "<group>";
		};
		C173E9131DB45DF800AA413B /* LaunchScreen.storyboard */ = {
			isa = PBXVariantGroup;
			children = (
				C173E9141DB45DF800AA413B /* Base */,
			);
			name = LaunchScreen.storyboard;
			sourceTree = "<group>";
		};
/* End PBXVariantGroup section */

/* Begin XCBuildConfiguration section */
		C173E92D1DB45DF800AA413B /* Debug */ = {
			isa = XCBuildConfiguration;
			buildSettings = {
				ALWAYS_SEARCH_USER_PATHS = NO;
				CLANG_ANALYZER_NONNULL = YES;
				CLANG_CXX_LANGUAGE_STANDARD = "gnu++0x";
				CLANG_CXX_LIBRARY = "libc++";
				CLANG_ENABLE_MODULES = YES;
				CLANG_ENABLE_OBJC_ARC = YES;
				CLANG_WARN_BOOL_CONVERSION = YES;
				CLANG_WARN_CONSTANT_CONVERSION = YES;
				CLANG_WARN_DIRECT_OBJC_ISA_USAGE = YES_ERROR;
				CLANG_WARN_DOCUMENTATION_COMMENTS = YES;
				CLANG_WARN_EMPTY_BODY = YES;
				CLANG_WARN_ENUM_CONVERSION = YES;
				CLANG_WARN_INFINITE_RECURSION = YES;
				CLANG_WARN_INT_CONVERSION = YES;
				CLANG_WARN_OBJC_ROOT_CLASS = YES_ERROR;
				CLANG_WARN_SUSPICIOUS_MOVES = YES;
				CLANG_WARN_UNREACHABLE_CODE = YES;
				CLANG_WARN__DUPLICATE_METHOD_MATCH = YES;
				CODE_SIGN_IDENTITY = "iPhone Distribution: Shenzhen Alseon Robotics Technology Co.,Ltd. (7QBZV3YGDE)";
				"CODE_SIGN_IDENTITY[sdk=iphoneos*]" = "iPhone Distribution: Shenzhen Alseon Robotics Technology Co.,Ltd. (7QBZV3YGDE)";
				COPY_PHASE_STRIP = NO;
				DEBUG_INFORMATION_FORMAT = dwarf;
				ENABLE_STRICT_OBJC_MSGSEND = YES;
				ENABLE_TESTABILITY = YES;
				GCC_C_LANGUAGE_STANDARD = gnu99;
				GCC_DYNAMIC_NO_PIC = NO;
				GCC_NO_COMMON_BLOCKS = YES;
				GCC_OPTIMIZATION_LEVEL = 0;
				GCC_PREPROCESSOR_DEFINITIONS = (
					"DEBUG=1",
					"$(inherited)",
				);
				GCC_WARN_64_TO_32_BIT_CONVERSION = YES;
				GCC_WARN_ABOUT_RETURN_TYPE = YES_ERROR;
				GCC_WARN_UNDECLARED_SELECTOR = YES;
				GCC_WARN_UNINITIALIZED_AUTOS = YES_AGGRESSIVE;
				GCC_WARN_UNUSED_FUNCTION = YES;
				GCC_WARN_UNUSED_VARIABLE = YES;
				IPHONEOS_DEPLOYMENT_TARGET = 10.1;
				MTL_ENABLE_DEBUG_INFO = YES;
				ONLY_ACTIVE_ARCH = YES;
				SDKROOT = iphoneos;
				SWIFT_ACTIVE_COMPILATION_CONDITIONS = DEBUG;
				SWIFT_OPTIMIZATION_LEVEL = "-Onone";
			};
			name = Debug;
		};
		C173E92E1DB45DF800AA413B /* Release */ = {
			isa = XCBuildConfiguration;
			buildSettings = {
				ALWAYS_SEARCH_USER_PATHS = NO;
				CLANG_ANALYZER_NONNULL = YES;
				CLANG_CXX_LANGUAGE_STANDARD = "gnu++0x";
				CLANG_CXX_LIBRARY = "libc++";
				CLANG_ENABLE_MODULES = YES;
				CLANG_ENABLE_OBJC_ARC = YES;
				CLANG_WARN_BOOL_CONVERSION = YES;
				CLANG_WARN_CONSTANT_CONVERSION = YES;
				CLANG_WARN_DIRECT_OBJC_ISA_USAGE = YES_ERROR;
				CLANG_WARN_DOCUMENTATION_COMMENTS = YES;
				CLANG_WARN_EMPTY_BODY = YES;
				CLANG_WARN_ENUM_CONVERSION = YES;
				CLANG_WARN_INFINITE_RECURSION = YES;
				CLANG_WARN_INT_CONVERSION = YES;
				CLANG_WARN_OBJC_ROOT_CLASS = YES_ERROR;
				CLANG_WARN_SUSPICIOUS_MOVES = YES;
				CLANG_WARN_UNREACHABLE_CODE = YES;
				CLANG_WARN__DUPLICATE_METHOD_MATCH = YES;
				CODE_SIGN_IDENTITY = "iPhone Distribution: Shenzhen Alseon Robotics Technology Co.,Ltd. (7QBZV3YGDE)";
				"CODE_SIGN_IDENTITY[sdk=iphoneos*]" = "iPhone Distribution: Shenzhen Alseon Robotics Technology Co.,Ltd. (7QBZV3YGDE)";
				COPY_PHASE_STRIP = NO;
				DEBUG_INFORMATION_FORMAT = "dwarf-with-dsym";
				ENABLE_NS_ASSERTIONS = NO;
				ENABLE_STRICT_OBJC_MSGSEND = YES;
				GCC_C_LANGUAGE_STANDARD = gnu99;
				GCC_NO_COMMON_BLOCKS = YES;
				GCC_WARN_64_TO_32_BIT_CONVERSION = YES;
				GCC_WARN_ABOUT_RETURN_TYPE = YES_ERROR;
				GCC_WARN_UNDECLARED_SELECTOR = YES;
				GCC_WARN_UNINITIALIZED_AUTOS = YES_AGGRESSIVE;
				GCC_WARN_UNUSED_FUNCTION = YES;
				GCC_WARN_UNUSED_VARIABLE = YES;
				IPHONEOS_DEPLOYMENT_TARGET = 10.1;
				MTL_ENABLE_DEBUG_INFO = NO;
				SDKROOT = iphoneos;
				SWIFT_OPTIMIZATION_LEVEL = "-Owholemodule";
				VALIDATE_PRODUCT = YES;
			};
			name = Release;
		};
		C173E9301DB45DF800AA413B /* Debug */ = {
			isa = XCBuildConfiguration;
			buildSettings = {
				ASSETCATALOG_COMPILER_APPICON_NAME = AppIcon;
				CODE_SIGN_IDENTITY = "iPhone Distribution: Shenzhen Alseon Robotics Technology Co.,Ltd. (7QBZV3YGDE)";
				"CODE_SIGN_IDENTITY[sdk=iphoneos*]" = "iPhone Developer";
				DEVELOPMENT_TEAM = 7QBZV3YGDE;
				ENABLE_BITCODE = NO;
				INFOPLIST_FILE = ALSHandle_swift/Info.plist;
				IPHONEOS_DEPLOYMENT_TARGET = 10.0;
				LD_RUNPATH_SEARCH_PATHS = "$(inherited) @executable_path/Frameworks";
				LIBRARY_SEARCH_PATHS = (
					"$(inherited)",
					"$(PROJECT_DIR)/ALSHandle_swift/libBDVoiceRecognitionClient",
				);
				OTHER_LDFLAGS = "-ObjC";
				PRODUCT_BUNDLE_IDENTIFIER = com.alsrobort.www;
				PRODUCT_NAME = "$(TARGET_NAME)";
				PROVISIONING_PROFILE = "";
				PROVISIONING_PROFILE_SPECIFIER = "";
				SWIFT_OBJC_BRIDGING_HEADER = "ALSHandle_swift/Building-Header.h";
				SWIFT_VERSION = 3.0;
				TARGETED_DEVICE_FAMILY = 1;
			};
			name = Debug;
		};
		C173E9311DB45DF800AA413B /* Release */ = {
			isa = XCBuildConfiguration;
			buildSettings = {
				ASSETCATALOG_COMPILER_APPICON_NAME = AppIcon;
				CODE_SIGN_IDENTITY = "iPhone Distribution: Shenzhen Alseon Robotics Technology Co.,Ltd. (7QBZV3YGDE)";
				"CODE_SIGN_IDENTITY[sdk=iphoneos*]" = "iPhone Developer";
				DEVELOPMENT_TEAM = 7QBZV3YGDE;
				ENABLE_BITCODE = NO;
				INFOPLIST_FILE = ALSHandle_swift/Info.plist;
				IPHONEOS_DEPLOYMENT_TARGET = 10.0;
				LD_RUNPATH_SEARCH_PATHS = "$(inherited) @executable_path/Frameworks";
				LIBRARY_SEARCH_PATHS = (
					"$(inherited)",
					"$(PROJECT_DIR)/ALSHandle_swift/libBDVoiceRecognitionClient",
				);
				OTHER_LDFLAGS = "-ObjC";
				PRODUCT_BUNDLE_IDENTIFIER = com.alsrobort.www;
				PRODUCT_NAME = "$(TARGET_NAME)";
				PROVISIONING_PROFILE = "";
				PROVISIONING_PROFILE_SPECIFIER = "";
				SWIFT_OBJC_BRIDGING_HEADER = "ALSHandle_swift/Building-Header.h";
				SWIFT_VERSION = 3.0;
				TARGETED_DEVICE_FAMILY = 1;
			};
			name = Release;
		};
		C173E9331DB45DF800AA413B /* Debug */ = {
			isa = XCBuildConfiguration;
			buildSettings = {
				ALWAYS_EMBED_SWIFT_STANDARD_LIBRARIES = YES;
				BUNDLE_LOADER = "$(TEST_HOST)";
				DEVELOPMENT_TEAM = 7QBZV3YGDE;
				INFOPLIST_FILE = ALSHandle_swiftTests/Info.plist;
				LD_RUNPATH_SEARCH_PATHS = "$(inherited) @executable_path/Frameworks @loader_path/Frameworks";
				PRODUCT_BUNDLE_IDENTIFIER = "com.alsrobort.www.ALSHandle-swiftTests";
				PRODUCT_NAME = "$(TARGET_NAME)";
				SWIFT_VERSION = 3.0;
				TEST_HOST = "$(BUILT_PRODUCTS_DIR)/ALSHandle_swift.app/ALSHandle_swift";
			};
			name = Debug;
		};
		C173E9341DB45DF800AA413B /* Release */ = {
			isa = XCBuildConfiguration;
			buildSettings = {
				ALWAYS_EMBED_SWIFT_STANDARD_LIBRARIES = YES;
				BUNDLE_LOADER = "$(TEST_HOST)";
				DEVELOPMENT_TEAM = 7QBZV3YGDE;
				INFOPLIST_FILE = ALSHandle_swiftTests/Info.plist;
				LD_RUNPATH_SEARCH_PATHS = "$(inherited) @executable_path/Frameworks @loader_path/Frameworks";
				PRODUCT_BUNDLE_IDENTIFIER = "com.alsrobort.www.ALSHandle-swiftTests";
				PRODUCT_NAME = "$(TARGET_NAME)";
				SWIFT_VERSION = 3.0;
				TEST_HOST = "$(BUILT_PRODUCTS_DIR)/ALSHandle_swift.app/ALSHandle_swift";
			};
			name = Release;
		};
		C173E9361DB45DF800AA413B /* Debug */ = {
			isa = XCBuildConfiguration;
			buildSettings = {
				ALWAYS_EMBED_SWIFT_STANDARD_LIBRARIES = YES;
				DEVELOPMENT_TEAM = 7QBZV3YGDE;
				INFOPLIST_FILE = ALSHandle_swiftUITests/Info.plist;
				LD_RUNPATH_SEARCH_PATHS = "$(inherited) @executable_path/Frameworks @loader_path/Frameworks";
				PRODUCT_BUNDLE_IDENTIFIER = "com.alsrobort.www.ALSHandle-swiftUITests";
				PRODUCT_NAME = "$(TARGET_NAME)";
				SWIFT_VERSION = 3.0;
				TEST_TARGET_NAME = ALSHandle_swift;
			};
			name = Debug;
		};
		C173E9371DB45DF800AA413B /* Release */ = {
			isa = XCBuildConfiguration;
			buildSettings = {
				ALWAYS_EMBED_SWIFT_STANDARD_LIBRARIES = YES;
				DEVELOPMENT_TEAM = 7QBZV3YGDE;
				INFOPLIST_FILE = ALSHandle_swiftUITests/Info.plist;
				LD_RUNPATH_SEARCH_PATHS = "$(inherited) @executable_path/Frameworks @loader_path/Frameworks";
				PRODUCT_BUNDLE_IDENTIFIER = "com.alsrobort.www.ALSHandle-swiftUITests";
				PRODUCT_NAME = "$(TARGET_NAME)";
				SWIFT_VERSION = 3.0;
				TEST_TARGET_NAME = ALSHandle_swift;
			};
			name = Release;
		};
/* End XCBuildConfiguration section */

/* Begin XCConfigurationList section */
		C173E9021DB45DF700AA413B /* Build configuration list for PBXProject "ALSHandle_swift" */ = {
			isa = XCConfigurationList;
			buildConfigurations = (
				C173E92D1DB45DF800AA413B /* Debug */,
				C173E92E1DB45DF800AA413B /* Release */,
			);
			defaultConfigurationIsVisible = 0;
			defaultConfigurationName = Release;
		};
		C173E92F1DB45DF800AA413B /* Build configuration list for PBXNativeTarget "ALSHandle_swift" */ = {
			isa = XCConfigurationList;
			buildConfigurations = (
				C173E9301DB45DF800AA413B /* Debug */,
				C173E9311DB45DF800AA413B /* Release */,
			);
			defaultConfigurationIsVisible = 0;
			defaultConfigurationName = Release;
		};
		C173E9321DB45DF800AA413B /* Build configuration list for PBXNativeTarget "ALSHandle_swiftTests" */ = {
			isa = XCConfigurationList;
			buildConfigurations = (
				C173E9331DB45DF800AA413B /* Debug */,
				C173E9341DB45DF800AA413B /* Release */,
			);
			defaultConfigurationIsVisible = 0;
			defaultConfigurationName = Release;
		};
		C173E9351DB45DF800AA413B /* Build configuration list for PBXNativeTarget "ALSHandle_swiftUITests" */ = {
			isa = XCConfigurationList;
			buildConfigurations = (
				C173E9361DB45DF800AA413B /* Debug */,
				C173E9371DB45DF800AA413B /* Release */,
			);
			defaultConfigurationIsVisible = 0;
			defaultConfigurationName = Release;
		};
/* End XCConfigurationList section */
	};
	rootObject = C173E8FF1DB45DF700AA413B /* Project object */;
}
